
Microsoft Visual Studio Solution File, Format Version 12.00
# Visual Studio Version 16
VisualStudioVersion = 16.0.33927.289
MinimumVisualStudioVersion = 10.0.40219.1
Project("{2150E333-8FDC-42A3-9474-1A3956D46DE8}") = "Task0", "Task0", "{EBC6400F-E754-4D6D-B4B5-5A3EB0DCDBB6}"
EndProject
Project("{FAE04EC0-301F-11D3-BF4B-00C04F79EFBC}") = "Tyuiu.GoogeRA.Sprint5.Task0.V16", "Tyuiu.GoogeRA.Sprint5.Task0.V16\Tyuiu.GoogeRA.Sprint5.Task0.V16.csproj", "{B17DBBBE-BDA9-4C52-A0C4-3D12BEA89A69}"
EndProject
Project("{FAE04EC0-301F-11D3-BF4B-00C04F79EFBC}") = "Tyuiu.GoogeRA.Spint5.Task0.V16.Lib", "Tyuiu.GoogeRA.Spint5.Task0.V16.Lib\Tyuiu.GoogeRA.Spint5.Task0.V16.Lib.csproj", "{F8B14CDE-51AA-486A-B04C-900669FD89F4}"
EndProject
Project("{FAE04EC0-301F-11D3-BF4B-00C04F79EFBC}") = "Tyuiu.GoogeRA.Sprint5.Task0.V16.Test", "Tyuiu.GoogeRA.Sprint5.Task0.V16.Test\Tyuiu.GoogeRA.Sprint5.Task0.V16.Test.csproj", "{E8BFED05-7F0B-4F78-ACE8-04561C634A06}"
EndProject
Project("{2150E333-8FDC-42A3-9474-1A3956D46DE8}") = "Task1", "Task1", "{88CBB200-7162-46B7-B1D3-9C3E4A9EEAB9}"
EndProject
Project("{FAE04EC0-301F-11D3-BF4B-00C04F79EFBC}") = "Tyuiu.GoogeRA.Sprint5.Task1.V25", "Tyuiu.GoogeRA.Sprint5.Task1.V25\Tyuiu.GoogeRA.Sprint5.Task1.V25.csproj", "{AF445FC9-05CD-4C8C-B244-56CDEFAE01BD}"
EndProject
Project("{FAE04EC0-301F-11D3-BF4B-00C04F79EFBC}") = "Tyuiu.GoogeRA.Sprint5.Task1.V25.Lib", "Tyuiu.GoogeRA.Sprint5.Task1.V25.Lib\Tyuiu.GoogeRA.Sprint5.Task1.V25.Lib.csproj", "{D5A64466-CA10-470A-9506-9D08DE2BFB2B}"
EndProject
Project("{FAE04EC0-301F-11D3-BF4B-00C04F79EFBC}") = "Tyuiu.GoogeRA.Sprint5.Task1.V25.Test", "Tyuiu.GoogeRA.Sprint5.Task1.V25.Test\Tyuiu.GoogeRA.Sprint5.Task1.V25.Test.csproj", "{E5563C1A-5EF4-4F85-81A2-E3F8B1A16ED2}"
EndProject
Project("{2150E333-8FDC-42A3-9474-1A3956D46DE8}") = "Task2", "Task2", "{F70EB8A5-31C7-4CBA-879F-4BDF52C6912C}"
EndProject
Project("{FAE04EC0-301F-11D3-BF4B-00C04F79EFBC}") = "Tyuiu.GoogeRA.Sprint5.Task2.V30", "Tyuiu.GoogeRA.Sprint5.Task2.V30\Tyuiu.GoogeRA.Sprint5.Task2.V30.csproj", "{25C59DB9-CB3E-4EFD-8D67-735DAFB6D948}"
EndProject
Project("{FAE04EC0-301F-11D3-BF4B-00C04F79EFBC}") = "Tyuiu.GoogeRA.Sprint5.Task2.V30.Test", "Tyuiu.GoogeRA.Sprint5.Task2.V30.Test\Tyuiu.GoogeRA.Sprint5.Task2.V30.Test.csproj", "{3AE79BE0-F6F8-41FF-B6F8-AA4D8C1AD833}"
EndProject
Project("{FAE04EC0-301F-11D3-BF4B-00C04F79EFBC}") = "Tyuiu.GoogeRA.Sprint5.Task2.V30.Lib", "Tyuiu.GoogeRA.Sprint5.Task2.V30.Lib\Tyuiu.GoogeRA.Sprint5.Task2.V30.Lib.csproj", "{C8231DF9-CA66-49D8-AAD5-06D35F2DA88E}"
EndProject
Project("{2150E333-8FDC-42A3-9474-1A3956D46DE8}") = "Task3", "Task3", "{13FDB720-4286-4D4E-A528-70BF5EB4CA79}"
EndProject
Project("{FAE04EC0-301F-11D3-BF4B-00C04F79EFBC}") = "Tyuiu.GoogeRA.Sprint5.Task3.V3", "Tyuiu.GoogeRA.Sprint5.Task3.V3\Tyuiu.GoogeRA.Sprint5.Task3.V3.csproj", "{62736ACB-9077-4FEC-BD06-7508D8BFB6E4}"
EndProject
Project("{FAE04EC0-301F-11D3-BF4B-00C04F79EFBC}") = "Tyuiu.GoogeRA.Sprint5.Task3.V3.Lib", "Tyuiu.GoogeRA.Sprint5.Task3.V3.Lib\Tyuiu.GoogeRA.Sprint5.Task3.V3.Lib.csproj", "{96881EA6-1B8F-4C8E-B35E-A72FA53327DC}"
EndProject
Project("{FAE04EC0-301F-11D3-BF4B-00C04F79EFBC}") = "Tyuiu.GoogeRA.Sprint5.Task3.V3.Test", "Tyuiu.GoogeRA.Sprint5.Task3.V3.Test\Tyuiu.GoogeRA.Sprint5.Task3.V3.Test.csproj", "{3D90BB2D-9E32-44DB-8553-412200F596C5}"
EndProject
Project("{2150E333-8FDC-42A3-9474-1A3956D46DE8}") = "Task4", "Task4", "{D3438624-BEB9-45FE-9477-DD5463439928}"
EndProject
Project("{FAE04EC0-301F-11D3-BF4B-00C04F79EFBC}") = "Tyuiu.GoogeRA.Sprint5.Task4.V14", "Tyuiu.GoogeRA.Sprint5.Task4.V14\Tyuiu.GoogeRA.Sprint5.Task4.V14.csproj", "{454299F5-74B4-40ED-8ECE-46C175A7ADBB}"
EndProject
Project("{FAE04EC0-301F-11D3-BF4B-00C04F79EFBC}") = "Tyuiu.GoogeRA.Sprint5.Task4.V14.Lib", "Tyuiu.GoogeRA.Sprint5.Task4.V14.Lib\Tyuiu.GoogeRA.Sprint5.Task4.V14.Lib.csproj", "{855F3568-21F5-4174-B3B3-612CA0225BA9}"
EndProject
Project("{FAE04EC0-301F-11D3-BF4B-00C04F79EFBC}") = "Tyuiu.GoogeRA.Sprint5.Task4.V14.Test", "Tyuiu.GoogeRA.Sprint5.Task4.V14.Test\Tyuiu.GoogeRA.Sprint5.Task4.V14.Test.csproj", "{AD297F91-BDAC-4B19-805A-BC1743E68CE1}"
EndProject
Global
	GlobalSection(SolutionConfigurationPlatforms) = preSolution
		Debug|Any CPU = Debug|Any CPU
		Release|Any CPU = Release|Any CPU
	EndGlobalSection
	GlobalSection(ProjectConfigurationPlatforms) = postSolution
		{B17DBBBE-BDA9-4C52-A0C4-3D12BEA89A69}.Debug|Any CPU.ActiveCfg = Debug|Any CPU
		{B17DBBBE-BDA9-4C52-A0C4-3D12BEA89A69}.Debug|Any CPU.Build.0 = Debug|Any CPU
		{B17DBBBE-BDA9-4C52-A0C4-3D12BEA89A69}.Release|Any CPU.ActiveCfg = Release|Any CPU
		{B17DBBBE-BDA9-4C52-A0C4-3D12BEA89A69}.Release|Any CPU.Build.0 = Release|Any CPU
		{F8B14CDE-51AA-486A-B04C-900669FD89F4}.Debug|Any CPU.ActiveCfg = Debug|Any CPU
		{F8B14CDE-51AA-486A-B04C-900669FD89F4}.Debug|Any CPU.Build.0 = Debug|Any CPU
		{F8B14CDE-51AA-486A-B04C-900669FD89F4}.Release|Any CPU.ActiveCfg = Release|Any CPU
		{F8B14CDE-51AA-486A-B04C-900669FD89F4}.Release|Any CPU.Build.0 = Release|Any CPU
		{E8BFED05-7F0B-4F78-ACE8-04561C634A06}.Debug|Any CPU.ActiveCfg = Debug|Any CPU
		{E8BFED05-7F0B-4F78-ACE8-04561C634A06}.Debug|Any CPU.Build.0 = Debug|Any CPU
		{E8BFED05-7F0B-4F78-ACE8-04561C634A06}.Release|Any CPU.ActiveCfg = Release|Any CPU
		{E8BFED05-7F0B-4F78-ACE8-04561C634A06}.Release|Any CPU.Build.0 = Release|Any CPU
		{AF445FC9-05CD-4C8C-B244-56CDEFAE01BD}.Debug|Any CPU.ActiveCfg = Debug|Any CPU
		{AF445FC9-05CD-4C8C-B244-56CDEFAE01BD}.Debug|Any CPU.Build.0 = Debug|Any CPU
		{AF445FC9-05CD-4C8C-B244-56CDEFAE01BD}.Release|Any CPU.ActiveCfg = Release|Any CPU
		{AF445FC9-05CD-4C8C-B244-56CDEFAE01BD}.Release|Any CPU.Build.0 = Release|Any CPU
		{D5A64466-CA10-470A-9506-9D08DE2BFB2B}.Debug|Any CPU.ActiveCfg = Debug|Any CPU
		{D5A64466-CA10-470A-9506-9D08DE2BFB2B}.Debug|Any CPU.Build.0 = Debug|Any CPU
		{D5A64466-CA10-470A-9506-9D08DE2BFB2B}.Release|Any CPU.ActiveCfg = Release|Any CPU
		{D5A64466-CA10-470A-9506-9D08DE2BFB2B}.Release|Any CPU.Build.0 = Release|Any CPU
		{E5563C1A-5EF4-4F85-81A2-E3F8B1A16ED2}.Debug|Any CPU.ActiveCfg = Debug|Any CPU
		{E5563C1A-5EF4-4F85-81A2-E3F8B1A16ED2}.Debug|Any CPU.Build.0 = Debug|Any CPU
		{E5563C1A-5EF4-4F85-81A2-E3F8B1A16ED2}.Release|Any CPU.ActiveCfg = Release|Any CPU
		{E5563C1A-5EF4-4F85-81A2-E3F8B1A16ED2}.Release|Any CPU.Build.0 = Release|Any CPU
		{25C59DB9-CB3E-4EFD-8D67-735DAFB6D948}.Debug|Any CPU.ActiveCfg = Debug|Any CPU
		{25C59DB9-CB3E-4EFD-8D67-735DAFB6D948}.Debug|Any CPU.Build.0 = Debug|Any CPU
		{25C59DB9-CB3E-4EFD-8D67-735DAFB6D948}.Release|Any CPU.ActiveCfg = Release|Any CPU
		{25C59DB9-CB3E-4EFD-8D67-735DAFB6D948}.Release|Any CPU.Build.0 = Release|Any CPU
		{3AE79BE0-F6F8-41FF-B6F8-AA4D8C1AD833}.Debug|Any CPU.ActiveCfg = Debug|Any CPU
		{3AE79BE0-F6F8-41FF-B6F8-AA4D8C1AD833}.Debug|Any CPU.Build.0 = Debug|Any CPU
		{3AE79BE0-F6F8-41FF-B6F8-AA4D8C1AD833}.Release|Any CPU.ActiveCfg = Release|Any CPU
		{3AE79BE0-F6F8-41FF-B6F8-AA4D8C1AD833}.Release|Any CPU.Build.0 = Release|Any CPU
		{C8231DF9-CA66-49D8-AAD5-06D35F2DA88E}.Debug|Any CPU.ActiveCfg = Debug|Any CPU
		{C8231DF9-CA66-49D8-AAD5-06D35F2DA88E}.Debug|Any CPU.Build.0 = Debug|Any CPU
		{C8231DF9-CA66-49D8-AAD5-06D35F2DA88E}.Release|Any CPU.ActiveCfg = Release|Any CPU
		{C8231DF9-CA66-49D8-AAD5-06D35F2DA88E}.Release|Any CPU.Build.0 = Release|Any CPU
		{62736ACB-9077-4FEC-BD06-7508D8BFB6E4}.Debug|Any CPU.ActiveCfg = Debug|Any CPU
		{62736ACB-9077-4FEC-BD06-7508D8BFB6E4}.Debug|Any CPU.Build.0 = Debug|Any CPU
		{62736ACB-9077-4FEC-BD06-7508D8BFB6E4}.Release|Any CPU.ActiveCfg = Release|Any CPU
		{62736ACB-9077-4FEC-BD06-7508D8BFB6E4}.Release|Any CPU.Build.0 = Release|Any CPU
		{96881EA6-1B8F-4C8E-B35E-A72FA53327DC}.Debug|Any CPU.ActiveCfg = Debug|Any CPU
		{96881EA6-1B8F-4C8E-B35E-A72FA53327DC}.Debug|Any CPU.Build.0 = Debug|Any CPU
		{96881EA6-1B8F-4C8E-B35E-A72FA53327DC}.Release|Any CPU.ActiveCfg = Release|Any CPU
		{96881EA6-1B8F-4C8E-B35E-A72FA53327DC}.Release|Any CPU.Build.0 = Release|Any CPU
		{3D90BB2D-9E32-44DB-8553-412200F596C5}.Debug|Any CPU.ActiveCfg = Debug|Any CPU
		{3D90BB2D-9E32-44DB-8553-412200F596C5}.Debug|Any CPU.Build.0 = Debug|Any CPU
		{3D90BB2D-9E32-44DB-8553-412200F596C5}.Release|Any CPU.ActiveCfg = Release|Any CPU
		{3D90BB2D-9E32-44DB-8553-412200F596C5}.Release|Any CPU.Build.0 = Release|Any CPU
		{454299F5-74B4-40ED-8ECE-46C175A7ADBB}.Debug|Any CPU.ActiveCfg = Debug|Any CPU
		{454299F5-74B4-40ED-8ECE-46C175A7ADBB}.Debug|Any CPU.Build.0 = Debug|Any CPU
		{454299F5-74B4-40ED-8ECE-46C175A7ADBB}.Release|Any CPU.ActiveCfg = Release|Any CPU
		{454299F5-74B4-40ED-8ECE-46C175A7ADBB}.Release|Any CPU.Build.0 = Release|Any CPU
		{855F3568-21F5-4174-B3B3-612CA0225BA9}.Debug|Any CPU.ActiveCfg = Debug|Any CPU
		{855F3568-21F5-4174-B3B3-612CA0225BA9}.Debug|Any CPU.Build.0 = Debug|Any CPU
		{855F3568-21F5-4174-B3B3-612CA0225BA9}.Release|Any CPU.ActiveCfg = Release|Any CPU
		{855F3568-21F5-4174-B3B3-612CA0225BA9}.Release|Any CPU.Build.0 = Release|Any CPU
		{AD297F91-BDAC-4B19-805A-BC1743E68CE1}.Debug|Any CPU.ActiveCfg = Debug|Any CPU
		{AD297F91-BDAC-4B19-805A-BC1743E68CE1}.Debug|Any CPU.Build.0 = Debug|Any CPU
		{AD297F91-BDAC-4B19-805A-BC1743E68CE1}.Release|Any CPU.ActiveCfg = Release|Any CPU
		{AD297F91-BDAC-4B19-805A-BC1743E68CE1}.Release|Any CPU.Build.0 = Release|Any CPU
	EndGlobalSection
	GlobalSection(SolutionProperties) = preSolution
		HideSolutionNode = FALSE
	EndGlobalSection
	GlobalSection(NestedProjects) = preSolution
		{B17DBBBE-BDA9-4C52-A0C4-3D12BEA89A69} = {EBC6400F-E754-4D6D-B4B5-5A3EB0DCDBB6}
		{F8B14CDE-51AA-486A-B04C-900669FD89F4} = {EBC6400F-E754-4D6D-B4B5-5A3EB0DCDBB6}
		{E8BFED05-7F0B-4F78-ACE8-04561C634A06} = {EBC6400F-E754-4D6D-B4B5-5A3EB0DCDBB6}
		{AF445FC9-05CD-4C8C-B244-56CDEFAE01BD} = {88CBB200-7162-46B7-B1D3-9C3E4A9EEAB9}
		{D5A64466-CA10-470A-9506-9D08DE2BFB2B} = {88CBB200-7162-46B7-B1D3-9C3E4A9EEAB9}
		{E5563C1A-5EF4-4F85-81A2-E3F8B1A16ED2} = {88CBB200-7162-46B7-B1D3-9C3E4A9EEAB9}
		{25C59DB9-CB3E-4EFD-8D67-735DAFB6D948} = {F70EB8A5-31C7-4CBA-879F-4BDF52C6912C}
		{3AE79BE0-F6F8-41FF-B6F8-AA4D8C1AD833} = {F70EB8A5-31C7-4CBA-879F-4BDF52C6912C}
		{C8231DF9-CA66-49D8-AAD5-06D35F2DA88E} = {F70EB8A5-31C7-4CBA-879F-4BDF52C6912C}
		{62736ACB-9077-4FEC-BD06-7508D8BFB6E4} = {13FDB720-4286-4D4E-A528-70BF5EB4CA79}
		{96881EA6-1B8F-4C8E-B35E-A72FA53327DC} = {13FDB720-4286-4D4E-A528-70BF5EB4CA79}
		{3D90BB2D-9E32-44DB-8553-412200F596C5} = {13FDB720-4286-4D4E-A528-70BF5EB4CA79}
		{454299F5-74B4-40ED-8ECE-46C175A7ADBB} = {D3438624-BEB9-45FE-9477-DD5463439928}
		{855F3568-21F5-4174-B3B3-612CA0225BA9} = {D3438624-BEB9-45FE-9477-DD5463439928}
		{AD297F91-BDAC-4B19-805A-BC1743E68CE1} = {D3438624-BEB9-45FE-9477-DD5463439928}
	EndGlobalSection
	GlobalSection(ExtensibilityGlobals) = postSolution
		SolutionGuid = {9D52943D-8364-4511-98C7-C7721AD2D75E}
	EndGlobalSection
EndGlobal
